// !$*UTF8*$!
{
	archiveVersion = 1;
	classes = {
	};
	objectVersion = 46;
	objects = {

/* Begin PBXBuildFile section */
		109523831D00FAD1000097E2 /* main.m in Sources */ = {isa = PBXBuildFile; fileRef = 109523821D00FAD1000097E2 /* main.m */; };
		109523861D00FAD1000097E2 /* AppDelegate.m in Sources */ = {isa = PBXBuildFile; fileRef = 109523851D00FAD1000097E2 /* AppDelegate.m */; };
		109523891D00FAD1000097E2 /* ViewController.m in Sources */ = {isa = PBXBuildFile; fileRef = 109523881D00FAD1000097E2 /* ViewController.m */; };
		1095238C1D00FAD1000097E2 /* Main.storyboard in Resources */ = {isa = PBXBuildFile; fileRef = 1095238A1D00FAD1000097E2 /* Main.storyboard */; };
		1095238E1D00FAD1000097E2 /* Assets.xcassets in Resources */ = {isa = PBXBuildFile; fileRef = 1095238D1D00FAD1000097E2 /* Assets.xcassets */; };
		109523911D00FAD1000097E2 /* LaunchScreen.storyboard in Resources */ = {isa = PBXBuildFile; fileRef = 1095238F1D00FAD1000097E2 /* LaunchScreen.storyboard */; };
		1095239A1D00FF71000097E2 /* Person.m in Sources */ = {isa = PBXBuildFile; fileRef = 109523991D00FF71000097E2 /* Person.m */; };
		1095239D1D00FF85000097E2 /* BackPack.m in Sources */ = {isa = PBXBuildFile; fileRef = 1095239C1D00FF85000097E2 /* BackPack.m */; };
		109523A01D00FF91000097E2 /* School.m in Sources */ = {isa = PBXBuildFile; fileRef = 1095239F1D00FF91000097E2 /* School.m */; };
/* End PBXBuildFile section */

/* Begin PBXFileReference section */
		1095237E1D00FAD1000097E2 /* retainCycleTest.app */ = {isa = PBXFileReference; explicitFileType = wrapper.application; includeInIndex = 0; path = retainCycleTest.app; sourceTree = BUILT_PRODUCTS_DIR; };
		109523821D00FAD1000097E2 /* main.m */ = {isa = PBXFileReference; lastKnownFileType = sourcecode.c.objc; path = main.m; sourceTree = "<group>"; };
		109523841D00FAD1000097E2 /* AppDelegate.h */ = {isa = PBXFileReference; lastKnownFileType = sourcecode.c.h; path = AppDelegate.h; sourceTree = "<group>"; };
		109523851D00FAD1000097E2 /* AppDelegate.m */ = {isa = PBXFileReference; lastKnownFileType = sourcecode.c.objc; path = AppDelegate.m; sourceTree = "<group>"; };
		109523871D00FAD1000097E2 /* ViewController.h */ = {isa = PBXFileReference; lastKnownFileType = sourcecode.c.h; path = ViewController.h; sourceTree = "<group>"; };
		109523881D00FAD1000097E2 /* ViewController.m */ = {isa = PBXFileReference; lastKnownFileType = sourcecode.c.objc; path = ViewController.m; sourceTree = "<group>"; };
		1095238B1D00FAD1000097E2 /* Base */ = {isa = PBXFileReference; lastKnownFileType = file.storyboard; name = Base; path = Base.lproj/Main.storyboard; sourceTree = "<group>"; };
		1095238D1D00FAD1000097E2 /* Assets.xcassets */ = {isa = PBXFileReference; lastKnownFileType = folder.assetcatalog; path = Assets.xcassets; sourceTree = "<group>"; };
		109523901D00FAD1000097E2 /* Base */ = {isa = PBXFileReference; lastKnownFileType = file.storyboard; name = Base; path = Base.lproj/LaunchScreen.storyboard; sourceTree = "<group>"; };
		109523921D00FAD1000097E2 /* Info.plist */ = {isa = PBXFileReference; lastKnownFileType = text.plist.xml; path = Info.plist; sourceTree = "<group>"; };
		109523981D00FF71000097E2 /* Person.h */ = {isa = PBXFileReference; fileEncoding = 4; lastKnownFileType = sourcecode.c.h; path = Person.h; sourceTree = "<group>"; };
		109523991D00FF71000097E2 /* Person.m */ = {isa = PBXFileReference; fileEncoding = 4; lastKnownFileType = sourcecode.c.objc; path = Person.m; sourceTree = "<group>"; };
		1095239B1D00FF85000097E2 /* BackPack.h */ = {isa = PBXFileReference; fileEncoding = 4; lastKnownFileType = sourcecode.c.h; path = BackPack.h; sourceTree = "<group>"; };
		1095239C1D00FF85000097E2 /* BackPack.m */ = {isa = PBXFileReference; fileEncoding = 4; lastKnownFileType = sourcecode.c.objc; path = BackPack.m; sourceTree = "<group>"; };
		1095239E1D00FF91000097E2 /* School.h */ = {isa = PBXFileReference; fileEncoding = 4; lastKnownFileType = sourcecode.c.h; path = School.h; sourceTree = "<group>"; };
		1095239F1D00FF91000097E2 /* School.m */ = {isa = PBXFileReference; fileEncoding = 4; lastKnownFileType = sourcecode.c.objc; path = School.m; sourceTree = "<group>"; };
/* End PBXFileReference section */

/* Begin PBXFrameworksBuildPhase section */
		1095237B1D00FAD1000097E2 /* Frameworks */ = {
			isa = PBXFrameworksBuildPhase;
			buildActionMask = 2147483647;
			files = (
			);
			runOnlyForDeploymentPostprocessing = 0;
		};
/* End PBXFrameworksBuildPhase section */

/* Begin PBXGroup section */
		109523751D00FAD1000097E2 = {
			isa = PBXGroup;
			children = (
				109523801D00FAD1000097E2 /* retainCycleTest */,
				1095237F1D00FAD1000097E2 /* Products */,
			);
			sourceTree = "<group>";
		};
		1095237F1D00FAD1000097E2 /* Products */ = {
			isa = PBXGroup;
			children = (
				1095237E1D00FAD1000097E2 /* retainCycleTest.app */,
			);
			name = Products;
			sourceTree = "<group>";
		};
		109523801D00FAD1000097E2 /* retainCycleTest */ = {
			isa = PBXGroup;
			children = (
				109523841D00FAD1000097E2 /* AppDelegate.h */,
				109523851D00FAD1000097E2 /* AppDelegate.m */,
				109523871D00FAD1000097E2 /* ViewController.h */,
				109523881D00FAD1000097E2 /* ViewController.m */,
				1095238A1D00FAD1000097E2 /* Main.storyboard */,
				1095238D1D00FAD1000097E2 /* Assets.xcassets */,
				1095238F1D00FAD1000097E2 /* LaunchScreen.storyboard */,
				109523921D00FAD1000097E2 /* Info.plist */,
				109523811D00FAD1000097E2 /* Supporting Files */,
				109523981D00FF71000097E2 /* Person.h */,
				109523991D00FF71000097E2 /* Person.m */,
				1095239B1D00FF85000097E2 /* BackPack.h */,
				1095239C1D00FF85000097E2 /* BackPack.m */,
				1095239E1D00FF91000097E2 /* School.h */,
				1095239F1D00FF91000097E2 /* School.m */,
			);
			path = retainCycleTest;
			sourceTree = "<group>";
		};
		109523811D00FAD1000097E2 /* Supporting Files */ = {
			isa = PBXGroup;
			children = (
				109523821D00FAD1000097E2 /* main.m */,
			);
			name = "Supporting Files";
			sourceTree = "<group>";
		};
/* End PBXGroup section */

/* Begin PBXNativeTarget section */
		1095237D1D00FAD1000097E2 /* retainCycleTest */ = {
			isa = PBXNativeTarget;
			buildConfigurationList = 109523951D00FAD1000097E2 /* Build configuration list for PBXNativeTarget "retainCycleTest" */;
			buildPhases = (
				1095237A1D00FAD1000097E2 /* Sources */,
				1095237B1D00FAD1000097E2 /* Frameworks */,
				1095237C1D00FAD1000097E2 /* Resources */,
			);
			buildRules = (
			);
			dependencies = (
			);
			name = retainCycleTest;
			productName = retainCycleTest;
			productReference = 1095237E1D00FAD1000097E2 /* retainCycleTest.app */;
			productType = "com.apple.product-type.application";
		};
/* End PBXNativeTarget section */

/* Begin PBXProject section */
		109523761D00FAD1000097E2 /* Project object */ = {
			isa = PBXProject;
			attributes = {
				LastUpgradeCheck = 0720;
				ORGANIZATIONNAME = "marvin evins";
				TargetAttributes = {
					1095237D1D00FAD1000097E2 = {
						CreatedOnToolsVersion = 7.2.1;
					};
				};
			};
			buildConfigurationList = 109523791D00FAD1000097E2 /* Build configuration list for PBXProject "retainCycleTest" */;
			compatibilityVersion = "Xcode 3.2";
			developmentRegion = English;
			hasScannedForEncodings = 0;
			knownRegions = (
				en,
				Base,
			);
			mainGroup = 109523751D00FAD1000097E2;
			productRefGroup = 1095237F1D00FAD1000097E2 /* Products */;
			projectDirPath = "";
			projectRoot = "";
			targets = (
				1095237D1D00FAD1000097E2 /* retainCycleTest */,
			);
		};
/* End PBXProject section */

/* Begin PBXResourcesBuildPhase section */
		1095237C1D00FAD1000097E2 /* Resources */ = {
			isa = PBXResourcesBuildPhase;
			buildActionMask = 2147483647;
			files = (
				109523911D00FAD1000097E2 /* LaunchScreen.storyboard in Resources */,
				1095238E1D00FAD1000097E2 /* Assets.xcassets in Resources */,
				1095238C1D00FAD1000097E2 /* Main.storyboard in Resources */,
			);
			runOnlyForDeploymentPostprocessing = 0;
		};
/* End PBXResourcesBuildPhase section */

/* Begin PBXSourcesBuildPhase section */
		1095237A1D00FAD1000097E2 /* Sources */ = {
			isa = PBXSourcesBuildPhase;
			buildActionMask = 2147483647;
			files = (
				109523891D00FAD1000097E2 /* ViewController.m in Sources */,
				109523861D00FAD1000097E2 /* AppDelegate.m in Sources */,
				1095239A1D00FF71000097E2 /* Person.m in Sources */,
				1095239D1D00FF85000097E2 /* BackPack.m in Sources */,
				109523831D00FAD1000097E2 /* main.m in Sources */,
				109523A01D00FF91000097E2 /* School.m in Sources */,
			);
			runOnlyForDeploymentPostprocessing = 0;
		};
/* End PBXSourcesBuildPhase section */

/* Begin PBXVariantGroup section */
		1095238A1D00FAD1000097E2 /* Main.storyboard */ = {
			isa = PBXVariantGroup;
			children = (
				1095238B1D00FAD1000097E2 /* Base */,
			);
			name = Main.storyboard;
			sourceTree = "<group>";
		};
		1095238F1D00FAD1000097E2 /* LaunchScreen.storyboard */ = {
			isa = PBXVariantGroup;
			children = (
				109523901D00FAD1000097E2 /* Base */,
			);
			name = LaunchScreen.storyboard;
			sourceTree = "<group>";
		};
/* End PBXVariantGroup section */

/* Begin XCBuildConfiguration section */
		109523931D00FAD1000097E2 /* Debug */ = {
			isa = XCBuildConfiguration;
			buildSettings = {
				ALWAYS_SEARCH_USER_PATHS = NO;
				CLANG_CXX_LANGUAGE_STANDARD = "gnu++0x";
				CLANG_CXX_LIBRARY = "libc++";
				CLANG_ENABLE_MODULES = YES;
				CLANG_ENABLE_OBJC_ARC = YES;
				CLANG_WARN_BOOL_CONVERSION = YES;
				CLANG_WARN_CONSTANT_CONVERSION = YES;
				CLANG_WARN_DIRECT_OBJC_ISA_USAGE = YES_ERROR;
				CLANG_WARN_EMPTY_BODY = YES;
				CLANG_WARN_ENUM_CONVERSION = YES;
				CLANG_WARN_INT_CONVERSION = YES;
				CLANG_WARN_OBJC_ROOT_CLASS = YES_ERROR;
				CLANG_WARN_UNREACHABLE_CODE = YES;
				CLANG_WARN__DUPLICATE_METHOD_MATCH = YES;
				"CODE_SIGN_IDENTITY[sdk=iphoneos*]" = "iPhone Developer";
				COPY_PHASE_STRIP = NO;
				DEBUG_INFORMATION_FORMAT = dwarf;
				ENABLE_STRICT_OBJC_MSGSEND = YES;
				ENABLE_TESTABILITY = YES;
				GCC_C_LANGUAGE_STANDARD = gnu99;
				GCC_DYNAMIC_NO_PIC = NO;
				GCC_NO_COMMON_BLOCKS = YES;
				GCC_OPTIMIZATION_LEVEL = 0;
				GCC_PREPROCESSOR_DEFINITIONS = (
					"DEBUG=1",
					"$(inherited)",
				);
				GCC_WARN_64_TO_32_BIT_CONVERSION = YES;
				GCC_WARN_ABOUT_RETURN_TYPE = YES_ERROR;
				GCC_WARN_UNDECLARED_SELECTOR = YES;
				GCC_WARN_UNINITIALIZED_AUTOS = YES_AGGRESSIVE;
				GCC_WARN_UNUSED_FUNCTION = YES;
				GCC_WARN_UNUSED_VARIABLE = YES;
				IPHONEOS_DEPLOYMENT_TARGET = 9.2;
				MTL_ENABLE_DEBUG_INFO = YES;
				ONLY_ACTIVE_ARCH = YES;
				SDKROOT = iphoneos;
			};
			name = Debug;
		};
		109523941D00FAD1000097E2 /* Release */ = {
			isa = XCBuildConfiguration;
			buildSettings = {
				ALWAYS_SEARCH_USER_PATHS = NO;
				CLANG_CXX_LANGUAGE_STANDARD = "gnu++0x";
				CLANG_CXX_LIBRARY = "libc++";
				CLANG_ENABLE_MODULES = YES;
				CLANG_ENABLE_OBJC_ARC = YES;
				CLANG_WARN_BOOL_CONVERSION = YES;
				CLANG_WARN_CONSTANT_CONVERSION = YES;
				CLANG_WARN_DIRECT_OBJC_ISA_USAGE = YES_ERROR;
				CLANG_WARN_EMPTY_BODY = YES;
				CLANG_WARN_ENUM_CONVERSION = YES;
				CLANG_WARN_INT_CONVERSION = YES;
				CLANG_WARN_OBJC_ROOT_CLASS = YES_ERROR;
				CLANG_WARN_UNREACHABLE_CODE = YES;
				CLANG_WARN__DUPLICATE_METHOD_MATCH = YES;
				"CODE_SIGN_IDENTITY[sdk=iphoneos*]" = "iPhone Developer";
				COPY_PHASE_STRIP = NO;
				DEBUG_INFORMATION_FORMAT = "dwarf-with-dsym";
				ENABLE_NS_ASSERTIONS = NO;
				ENABLE_STRICT_OBJC_MSGSEND = YES;
				GCC_C_LANGUAGE_STANDARD = gnu99;
				GCC_NO_COMMON_BLOCKS = YES;
				GCC_WARN_64_TO_32_BIT_CONVERSION = YES;
				GCC_WARN_ABOUT_RETURN_TYPE = YES_ERROR;
				GCC_WARN_UNDECLARED_SELECTOR = YES;
				GCC_WARN_UNINITIALIZED_AUTOS = YES_AGGRESSIVE;
				GCC_WARN_UNUSED_FUNCTION = YES;
				GCC_WARN_UNUSED_VARIABLE = YES;
				IPHONEOS_DEPLOYMENT_TARGET = 9.2;
				MTL_ENABLE_DEBUG_INFO = NO;
				SDKROOT = iphoneos;
				VALIDATE_PRODUCT = YES;
			};
			name = Release;
		};
		109523961D00FAD1000097E2 /* Debug */ = {
			isa = XCBuildConfiguration;
			buildSettings = {
				ASSETCATALOG_COMPILER_APPICON_NAME = AppIcon;
				INFOPLIST_FILE = retainCycleTest/Info.plist;
				LD_RUNPATH_SEARCH_PATHS = "$(inherited) @executable_path/Frameworks";
				PRODUCT_BUNDLE_IDENTIFIER = udevdesign.com.retainCycleTest;
				PRODUCT_NAME = "$(TARGET_NAME)";
			};
			name = Debug;
		};
		109523971D00FAD1000097E2 /* Release */ = {
			isa = XCBuildConfiguration;
			buildSettings = {
				ASSETCATALOG_COMPILER_APPICON_NAME = AppIcon;
				INFOPLIST_FILE = retainCycleTest/Info.plist;
				LD_RUNPATH_SEARCH_PATHS = "$(inherited) @executable_path/Frameworks";
				PRODUCT_BUNDLE_IDENTIFIER = udevdesign.com.retainCycleTest;
				PRODUCT_NAME = "$(TARGET_NAME)";
			};
			name = Release;
		};
/* End XCBuildConfiguration section */

/* Begin XCConfigurationList section */
		109523791D00FAD1000097E2 /* Build configuration list for PBXProject "retainCycleTest" */ = {
			isa = XCConfigurationList;
			buildConfigurations = (
				109523931D00FAD1000097E2 /* Debug */,
				109523941D00FAD1000097E2 /* Release */,
			);
			defaultConfigurationIsVisible = 0;
			defaultConfigurationName = Release;
		};
		109523951D00FAD1000097E2 /* Build configuration list for PBXNativeTarget "retainCycleTest" */ = {
			isa = XCConfigurationList;
			buildConfigurations = (
				109523961D00FAD1000097E2 /* Debug */,
				109523971D00FAD1000097E2 /* Release */,
			);
			defaultConfigurationIsVisible = 0;
		};
/* End XCConfigurationList section */
	};
	rootObject = 109523761D00FAD1000097E2 /* Project object */;
}
